{
  "name": "halyard-js-examples",
  "version": "0.0.1",
  "lockfileVersion": 1,
  "requires": true,
  "dependencies": {
    "bluebird": {
      "version": "3.5.1",
      "resolved": "https://registry.npmjs.org/bluebird/-/bluebird-3.5.1.tgz",
      "integrity": "sha512-MKiLiV+I1AA596t9w1sQJ8jkiSr5+ZKi0WKrYGUn6d1Fx+Ij4tIj+m2WMQSGczs5jZVxV339chE8iwk6F64wjA=="
    },
    "enigma.js": {
      "version": "2.2.0",
      "resolved": "https://registry.npmjs.org/enigma.js/-/enigma.js-2.2.0.tgz",
      "integrity": "sha512-FY67VY+TXJ/Pb8PMFLEYZ09532QeSOrsC7mYE9W9a5gyPfC+yW4iVc0OGMcnSfyhrS9odzquC3eyXgDjyeC7tQ=="
    },
    "options": {
      "version": "0.0.6",
      "resolved": "https://registry.npmjs.org/options/-/options-0.0.6.tgz",
      "integrity": "sha1-7CLTEoBrtT5zF3Pnza788cZDEo8="
    },
    "ultron": {
      "version": "1.0.2",
      "resolved": "https://registry.npmjs.org/ultron/-/ultron-1.0.2.tgz",
      "integrity": "sha1-rOEWq1V80Zc4ak6I9GhTeMiy5Po="
    },
    "ws": {
      "version": "1.1.4",
      "resolved": "https://registry.npmjs.org/ws/-/ws-1.1.4.tgz",
      "integrity": "sha1-V/QNA2gy5fUFVmKjl8Tedu1mv2E=",
      "requires": {
        "options": "0.0.6",
        "ultron": "1.0.2"
      }
    }
  }
}
